// !$*UTF8*$!
{
	archiveVersion = 1;
	classes = {
	};
	objectVersion = 56;
	objects = {

/* Begin PBXBuildFile section */
		D1E9D3212B08429800BA45C8 /* CKJY_ProductionsApp.swift in Sources */ = {isa = PBXBuildFile; fileRef = D1E9D3202B08429800BA45C8 /* CKJY_ProductionsApp.swift */; };
		D1E9D3232B08429800BA45C8 /* ContentView.swift in Sources */ = {isa = PBXBuildFile; fileRef = D1E9D3222B08429800BA45C8 /* ContentView.swift */; };
		D1E9D3252B08429900BA45C8 /* Assets.xcassets in Resources */ = {isa = PBXBuildFile; fileRef = D1E9D3242B08429900BA45C8 /* Assets.xcassets */; };
		D1E9D3282B08429900BA45C8 /* Preview Assets.xcassets in Resources */ = {isa = PBXBuildFile; fileRef = D1E9D3272B08429900BA45C8 /* Preview Assets.xcassets */; };
		D1E9D3322B08429900BA45C8 /* CKJY_ProductionsTests.swift in Sources */ = {isa = PBXBuildFile; fileRef = D1E9D3312B08429900BA45C8 /* CKJY_ProductionsTests.swift */; };
		D1E9D33C2B08429900BA45C8 /* CKJY_ProductionsUITests.swift in Sources */ = {isa = PBXBuildFile; fileRef = D1E9D33B2B08429900BA45C8 /* CKJY_ProductionsUITests.swift */; };
		D1E9D33E2B08429900BA45C8 /* CKJY_ProductionsUITestsLaunchTests.swift in Sources */ = {isa = PBXBuildFile; fileRef = D1E9D33D2B08429900BA45C8 /* CKJY_ProductionsUITestsLaunchTests.swift */; };
/* End PBXBuildFile section */

/* Begin PBXContainerItemProxy section */
		D1E9D32E2B08429900BA45C8 /* PBXContainerItemProxy */ = {
			isa = PBXContainerItemProxy;
			containerPortal = D1E9D3152B08429800BA45C8 /* Project object */;
			proxyType = 1;
			remoteGlobalIDString = D1E9D31C2B08429800BA45C8;
			remoteInfo = "CKJY Productions";
		};
		D1E9D3382B08429900BA45C8 /* PBXContainerItemProxy */ = {
			isa = PBXContainerItemProxy;
			containerPortal = D1E9D3152B08429800BA45C8 /* Project object */;
			proxyType = 1;
			remoteGlobalIDString = D1E9D31C2B08429800BA45C8;
			remoteInfo = "CKJY Productions";
		};
/* End PBXContainerItemProxy section */

/* Begin PBXFileReference section */
		D1E9D31D2B08429800BA45C8 /* CKJY Productions.app */ = {isa = PBXFileReference; explicitFileType = wrapper.application; includeInIndex = 0; path = "CKJY Productions.app"; sourceTree = BUILT_PRODUCTS_DIR; };
		D1E9D3202B08429800BA45C8 /* CKJY_ProductionsApp.swift */ = {isa = PBXFileReference; lastKnownFileType = sourcecode.swift; path = CKJY_ProductionsApp.swift; sourceTree = "<group>"; };
		D1E9D3222B08429800BA45C8 /* ContentView.swift */ = {isa = PBXFileReference; lastKnownFileType = sourcecode.swift; path = ContentView.swift; sourceTree = "<group>"; };
		D1E9D3242B08429900BA45C8 /* Assets.xcassets */ = {isa = PBXFileReference; lastKnownFileType = folder.assetcatalog; path = Assets.xcassets; sourceTree = "<group>"; };
		D1E9D3272B08429900BA45C8 /* Preview Assets.xcassets */ = {isa = PBXFileReference; lastKnownFileType = folder.assetcatalog; path = "Preview Assets.xcassets"; sourceTree = "<group>"; };
		D1E9D32D2B08429900BA45C8 /* CKJY ProductionsTests.xctest */ = {isa = PBXFileReference; explicitFileType = wrapper.cfbundle; includeInIndex = 0; path = "CKJY ProductionsTests.xctest"; sourceTree = BUILT_PRODUCTS_DIR; };
		D1E9D3312B08429900BA45C8 /* CKJY_ProductionsTests.swift */ = {isa = PBXFileReference; lastKnownFileType = sourcecode.swift; path = CKJY_ProductionsTests.swift; sourceTree = "<group>"; };
		D1E9D3372B08429900BA45C8 /* CKJY ProductionsUITests.xctest */ = {isa = PBXFileReference; explicitFileType = wrapper.cfbundle; includeInIndex = 0; path = "CKJY ProductionsUITests.xctest"; sourceTree = BUILT_PRODUCTS_DIR; };
		D1E9D33B2B08429900BA45C8 /* CKJY_ProductionsUITests.swift */ = {isa = PBXFileReference; lastKnownFileType = sourcecode.swift; path = CKJY_ProductionsUITests.swift; sourceTree = "<group>"; };
		D1E9D33D2B08429900BA45C8 /* CKJY_ProductionsUITestsLaunchTests.swift */ = {isa = PBXFileReference; lastKnownFileType = sourcecode.swift; path = CKJY_ProductionsUITestsLaunchTests.swift; sourceTree = "<group>"; };
/* End PBXFileReference section */

/* Begin PBXFrameworksBuildPhase section */
		D1E9D31A2B08429800BA45C8 /* Frameworks */ = {
			isa = PBXFrameworksBuildPhase;
			buildActionMask = 2147483647;
			files = (
			);
			runOnlyForDeploymentPostprocessing = 0;
		};
		D1E9D32A2B08429900BA45C8 /* Frameworks */ = {
			isa = PBXFrameworksBuildPhase;
			buildActionMask = 2147483647;
			files = (
			);
			runOnlyForDeploymentPostprocessing = 0;
		};
		D1E9D3342B08429900BA45C8 /* Frameworks */ = {
			isa = PBXFrameworksBuildPhase;
			buildActionMask = 2147483647;
			files = (
			);
			runOnlyForDeploymentPostprocessing = 0;
		};
/* End PBXFrameworksBuildPhase section */

/* Begin PBXGroup section */
		D1E9D3142B08429800BA45C8 = {
			isa = PBXGroup;
			children = (
				D1E9D31F2B08429800BA45C8 /* CKJY Productions */,
				D1E9D3302B08429900BA45C8 /* CKJY ProductionsTests */,
				D1E9D33A2B08429900BA45C8 /* CKJY ProductionsUITests */,
				D1E9D31E2B08429800BA45C8 /* Products */,
			);
			sourceTree = "<group>";
		};
		D1E9D31E2B08429800BA45C8 /* Products */ = {
			isa = PBXGroup;
			children = (
				D1E9D31D2B08429800BA45C8 /* CKJY Productions.app */,
				D1E9D32D2B08429900BA45C8 /* CKJY ProductionsTests.xctest */,
				D1E9D3372B08429900BA45C8 /* CKJY ProductionsUITests.xctest */,
			);
			name = Products;
			sourceTree = "<group>";
		};
		D1E9D31F2B08429800BA45C8 /* CKJY Productions */ = {
			isa = PBXGroup;
			children = (
				D1E9D3202B08429800BA45C8 /* CKJY_ProductionsApp.swift */,
				D1E9D3222B08429800BA45C8 /* ContentView.swift */,
				D1E9D3242B08429900BA45C8 /* Assets.xcassets */,
				D1E9D3262B08429900BA45C8 /* Preview Content */,
			);
			path = "CKJY Productions";
			sourceTree = "<group>";
		};
		D1E9D3262B08429900BA45C8 /* Preview Content */ = {
			isa = PBXGroup;
			children = (
				D1E9D3272B08429900BA45C8 /* Preview Assets.xcassets */,
			);
			path = "Preview Content";
			sourceTree = "<group>";
		};
		D1E9D3302B08429900BA45C8 /* CKJY ProductionsTests */ = {
			isa = PBXGroup;
			children = (
				D1E9D3312B08429900BA45C8 /* CKJY_ProductionsTests.swift */,
			);
			path = "CKJY ProductionsTests";
			sourceTree = "<group>";
		};
		D1E9D33A2B08429900BA45C8 /* CKJY ProductionsUITests */ = {
			isa = PBXGroup;
			children = (
				D1E9D33B2B08429900BA45C8 /* CKJY_ProductionsUITests.swift */,
				D1E9D33D2B08429900BA45C8 /* CKJY_ProductionsUITestsLaunchTests.swift */,
			);
			path = "CKJY ProductionsUITests";
			sourceTree = "<group>";
		};
/* End PBXGroup section */

/* Begin PBXNativeTarget section */
		D1E9D31C2B08429800BA45C8 /* CKJY Productions */ = {
			isa = PBXNativeTarget;
			buildConfigurationList = D1E9D3412B08429900BA45C8 /* Build configuration list for PBXNativeTarget "CKJY Productions" */;
			buildPhases = (
				D1E9D3192B08429800BA45C8 /* Sources */,
				D1E9D31A2B08429800BA45C8 /* Frameworks */,
				D1E9D31B2B08429800BA45C8 /* Resources */,
			);
			buildRules = (
			);
			dependencies = (
			);
			name = "CKJY Productions";
			productName = "CKJY Productions";
			productReference = D1E9D31D2B08429800BA45C8 /* CKJY Productions.app */;
			productType = "com.apple.product-type.application";
		};
		D1E9D32C2B08429900BA45C8 /* CKJY ProductionsTests */ = {
			isa = PBXNativeTarget;
			buildConfigurationList = D1E9D3442B08429900BA45C8 /* Build configuration list for PBXNativeTarget "CKJY ProductionsTests" */;
			buildPhases = (
				D1E9D3292B08429900BA45C8 /* Sources */,
				D1E9D32A2B08429900BA45C8 /* Frameworks */,
				D1E9D32B2B08429900BA45C8 /* Resources */,
			);
			buildRules = (
			);
			dependencies = (
				D1E9D32F2B08429900BA45C8 /* PBXTargetDependency */,
			);
			name = "CKJY ProductionsTests";
			productName = "CKJY ProductionsTests";
			productReference = D1E9D32D2B08429900BA45C8 /* CKJY ProductionsTests.xctest */;
			productType = "com.apple.product-type.bundle.unit-test";
		};
		D1E9D3362B08429900BA45C8 /* CKJY ProductionsUITests */ = {
			isa = PBXNativeTarget;
			buildConfigurationList = D1E9D3472B08429900BA45C8 /* Build configuration list for PBXNativeTarget "CKJY ProductionsUITests" */;
			buildPhases = (
				D1E9D3332B08429900BA45C8 /* Sources */,
				D1E9D3342B08429900BA45C8 /* Frameworks */,
				D1E9D3352B08429900BA45C8 /* Resources */,
			);
			buildRules = (
			);
			dependencies = (
				D1E9D3392B08429900BA45C8 /* PBXTargetDependency */,
			);
			name = "CKJY ProductionsUITests";
			productName = "CKJY ProductionsUITests";
			productReference = D1E9D3372B08429900BA45C8 /* CKJY ProductionsUITests.xctest */;
			productType = "com.apple.product-type.bundle.ui-testing";
		};
/* End PBXNativeTarget section */

/* Begin PBXProject section */
		D1E9D3152B08429800BA45C8 /* Project object */ = {
			isa = PBXProject;
			attributes = {
				BuildIndependentTargetsInParallel = 1;
				LastSwiftUpdateCheck = 1420;
				LastUpgradeCheck = 1420;
				TargetAttributes = {
					D1E9D31C2B08429800BA45C8 = {
						CreatedOnToolsVersion = 14.2;
					};
					D1E9D32C2B08429900BA45C8 = {
						CreatedOnToolsVersion = 14.2;
						TestTargetID = D1E9D31C2B08429800BA45C8;
					};
					D1E9D3362B08429900BA45C8 = {
						CreatedOnToolsVersion = 14.2;
						TestTargetID = D1E9D31C2B08429800BA45C8;
					};
				};
			};
			buildConfigurationList = D1E9D3182B08429800BA45C8 /* Build configuration list for PBXProject "CKJY Productions" */;
			compatibilityVersion = "Xcode 14.0";
			developmentRegion = en;
			hasScannedForEncodings = 0;
			knownRegions = (
				en,
				Base,
			);
			mainGroup = D1E9D3142B08429800BA45C8;
			productRefGroup = D1E9D31E2B08429800BA45C8 /* Products */;
			projectDirPath = "";
			projectRoot = "";
			targets = (
				D1E9D31C2B08429800BA45C8 /* CKJY Productions */,
				D1E9D32C2B08429900BA45C8 /* CKJY ProductionsTests */,
				D1E9D3362B08429900BA45C8 /* CKJY ProductionsUITests */,
			);
		};
/* End PBXProject section */

/* Begin PBXResourcesBuildPhase section */
		D1E9D31B2B08429800BA45C8 /* Resources */ = {
			isa = PBXResourcesBuildPhase;
			buildActionMask = 2147483647;
			files = (
				D1E9D3282B08429900BA45C8 /* Preview Assets.xcassets in Resources */,
				D1E9D3252B08429900BA45C8 /* Assets.xcassets in Resources */,
			);
			runOnlyForDeploymentPostprocessing = 0;
		};
		D1E9D32B2B08429900BA45C8 /* Resources */ = {
			isa = PBXResourcesBuildPhase;
			buildActionMask = 2147483647;
			files = (
			);
			runOnlyForDeploymentPostprocessing = 0;
		};
		D1E9D3352B08429900BA45C8 /* Resources */ = {
			isa = PBXResourcesBuildPhase;
			buildActionMask = 2147483647;
			files = (
			);
			runOnlyForDeploymentPostprocessing = 0;
		};
/* End PBXResourcesBuildPhase section */

/* Begin PBXSourcesBuildPhase section */
		D1E9D3192B08429800BA45C8 /* Sources */ = {
			isa = PBXSourcesBuildPhase;
			buildActionMask = 2147483647;
			files = (
				D1E9D3232B08429800BA45C8 /* ContentView.swift in Sources */,
				D1E9D3212B08429800BA45C8 /* CKJY_ProductionsApp.swift in Sources */,
			);
			runOnlyForDeploymentPostprocessing = 0;
		};
		D1E9D3292B08429900BA45C8 /* Sources */ = {
			isa = PBXSourcesBuildPhase;
			buildActionMask = 2147483647;
			files = (
				D1E9D3322B08429900BA45C8 /* CKJY_ProductionsTests.swift in Sources */,
			);
			runOnlyForDeploymentPostprocessing = 0;
		};
		D1E9D3332B08429900BA45C8 /* Sources */ = {
			isa = PBXSourcesBuildPhase;
			buildActionMask = 2147483647;
			files = (
				D1E9D33E2B08429900BA45C8 /* CKJY_ProductionsUITestsLaunchTests.swift in Sources */,
				D1E9D33C2B08429900BA45C8 /* CKJY_ProductionsUITests.swift in Sources */,
			);
			runOnlyForDeploymentPostprocessing = 0;
		};
/* End PBXSourcesBuildPhase section */

/* Begin PBXTargetDependency section */
		D1E9D32F2B08429900BA45C8 /* PBXTargetDependency */ = {
			isa = PBXTargetDependency;
			target = D1E9D31C2B08429800BA45C8 /* CKJY Productions */;
			targetProxy = D1E9D32E2B08429900BA45C8 /* PBXContainerItemProxy */;
		};
		D1E9D3392B08429900BA45C8 /* PBXTargetDependency */ = {
			isa = PBXTargetDependency;
			target = D1E9D31C2B08429800BA45C8 /* CKJY Productions */;
			targetProxy = D1E9D3382B08429900BA45C8 /* PBXContainerItemProxy */;
		};
/* End PBXTargetDependency section */

/* Begin XCBuildConfiguration section */
		D1E9D33F2B08429900BA45C8 /* Debug */ = {
			isa = XCBuildConfiguration;
			buildSettings = {
				ALWAYS_SEARCH_USER_PATHS = NO;
				CLANG_ANALYZER_NONNULL = YES;
				CLANG_ANALYZER_NUMBER_OBJECT_CONVERSION = YES_AGGRESSIVE;
				CLANG_CXX_LANGUAGE_STANDARD = "gnu++20";
				CLANG_ENABLE_MODULES = YES;
				CLANG_ENABLE_OBJC_ARC = YES;
				CLANG_ENABLE_OBJC_WEAK = YES;
				CLANG_WARN_BLOCK_CAPTURE_AUTORELEASING = YES;
				CLANG_WARN_BOOL_CONVERSION = YES;
				CLANG_WARN_COMMA = YES;
				CLANG_WARN_CONSTANT_CONVERSION = YES;
				CLANG_WARN_DEPRECATED_OBJC_IMPLEMENTATIONS = YES;
				CLANG_WARN_DIRECT_OBJC_ISA_USAGE = YES_ERROR;
				CLANG_WARN_DOCUMENTATION_COMMENTS = YES;
				CLANG_WARN_EMPTY_BODY = YES;
				CLANG_WARN_ENUM_CONVERSION = YES;
				CLANG_WARN_INFINITE_RECURSION = YES;
				CLANG_WARN_INT_CONVERSION = YES;
				CLANG_WARN_NON_LITERAL_NULL_CONVERSION = YES;
				CLANG_WARN_OBJC_IMPLICIT_RETAIN_SELF = YES;
				CLANG_WARN_OBJC_LITERAL_CONVERSION = YES;
				CLANG_WARN_OBJC_ROOT_CLASS = YES_ERROR;
				CLANG_WARN_QUOTED_INCLUDE_IN_FRAMEWORK_HEADER = YES;
				CLANG_WARN_RANGE_LOOP_ANALYSIS = YES;
				CLANG_WARN_STRICT_PROTOTYPES = YES;
				CLANG_WARN_SUSPICIOUS_MOVE = YES;
				CLANG_WARN_UNGUARDED_AVAILABILITY = YES_AGGRESSIVE;
				CLANG_WARN_UNREACHABLE_CODE = YES;
				CLANG_WARN__DUPLICATE_METHOD_MATCH = YES;
				COPY_PHASE_STRIP = NO;
				DEBUG_INFORMATION_FORMAT = dwarf;
				ENABLE_STRICT_OBJC_MSGSEND = YES;
				ENABLE_TESTABILITY = YES;
				GCC_C_LANGUAGE_STANDARD = gnu11;
				GCC_DYNAMIC_NO_PIC = NO;
				GCC_NO_COMMON_BLOCKS = YES;
				GCC_OPTIMIZATION_LEVEL = 0;
				GCC_PREPROCESSOR_DEFINITIONS = (
					"DEBUG=1",
					"$(inherited)",
				);
				GCC_WARN_64_TO_32_BIT_CONVERSION = YES;
				GCC_WARN_ABOUT_RETURN_TYPE = YES_ERROR;
				GCC_WARN_UNDECLARED_SELECTOR = YES;
				GCC_WARN_UNINITIALIZED_AUTOS = YES_AGGRESSIVE;
				GCC_WARN_UNUSED_FUNCTION = YES;
				GCC_WARN_UNUSED_VARIABLE = YES;
				IPHONEOS_DEPLOYMENT_TARGET = 16.2;
				MTL_ENABLE_DEBUG_INFO = INCLUDE_SOURCE;
				MTL_FAST_MATH = YES;
				ONLY_ACTIVE_ARCH = YES;
				SDKROOT = iphoneos;
				SWIFT_ACTIVE_COMPILATION_CONDITIONS = DEBUG;
				SWIFT_OPTIMIZATION_LEVEL = "-Onone";
			};
			name = Debug;
		};
		D1E9D3402B08429900BA45C8 /* Release */ = {
			isa = XCBuildConfiguration;
			buildSettings = {
				ALWAYS_SEARCH_USER_PATHS = NO;
				CLANG_ANALYZER_NONNULL = YES;
				CLANG_ANALYZER_NUMBER_OBJECT_CONVERSION = YES_AGGRESSIVE;
				CLANG_CXX_LANGUAGE_STANDARD = "gnu++20";
				CLANG_ENABLE_MODULES = YES;
				CLANG_ENABLE_OBJC_ARC = YES;
				CLANG_ENABLE_OBJC_WEAK = YES;
				CLANG_WARN_BLOCK_CAPTURE_AUTORELEASING = YES;
				CLANG_WARN_BOOL_CONVERSION = YES;
				CLANG_WARN_COMMA = YES;
				CLANG_WARN_CONSTANT_CONVERSION = YES;
				CLANG_WARN_DEPRECATED_OBJC_IMPLEMENTATIONS = YES;
				CLANG_WARN_DIRECT_OBJC_ISA_USAGE = YES_ERROR;
				CLANG_WARN_DOCUMENTATION_COMMENTS = YES;
				CLANG_WARN_EMPTY_BODY = YES;
				CLANG_WARN_ENUM_CONVERSION = YES;
				CLANG_WARN_INFINITE_RECURSION = YES;
				CLANG_WARN_INT_CONVERSION = YES;
				CLANG_WARN_NON_LITERAL_NULL_CONVERSION = YES;
				CLANG_WARN_OBJC_IMPLICIT_RETAIN_SELF = YES;
				CLANG_WARN_OBJC_LITERAL_CONVERSION = YES;
				CLANG_WARN_OBJC_ROOT_CLASS = YES_ERROR;
				CLANG_WARN_QUOTED_INCLUDE_IN_FRAMEWORK_HEADER = YES;
				CLANG_WARN_RANGE_LOOP_ANALYSIS = YES;
				CLANG_WARN_STRICT_PROTOTYPES = YES;
				CLANG_WARN_SUSPICIOUS_MOVE = YES;
				CLANG_WARN_UNGUARDED_AVAILABILITY = YES_AGGRESSIVE;
				CLANG_WARN_UNREACHABLE_CODE = YES;
				CLANG_WARN__DUPLICATE_METHOD_MATCH = YES;
				COPY_PHASE_STRIP = NO;
				DEBUG_INFORMATION_FORMAT = "dwarf-with-dsym";
				ENABLE_NS_ASSERTIONS = NO;
				ENABLE_STRICT_OBJC_MSGSEND = YES;
				GCC_C_LANGUAGE_STANDARD = gnu11;
				GCC_NO_COMMON_BLOCKS = YES;
				GCC_WARN_64_TO_32_BIT_CONVERSION = YES;
				GCC_WARN_ABOUT_RETURN_TYPE = YES_ERROR;
				GCC_WARN_UNDECLARED_SELECTOR = YES;
				GCC_WARN_UNINITIALIZED_AUTOS = YES_AGGRESSIVE;
				GCC_WARN_UNUSED_FUNCTION = YES;
				GCC_WARN_UNUSED_VARIABLE = YES;
				IPHONEOS_DEPLOYMENT_TARGET = 16.2;
				MTL_ENABLE_DEBUG_INFO = NO;
				MTL_FAST_MATH = YES;
				SDKROOT = iphoneos;
				SWIFT_COMPILATION_MODE = wholemodule;
				SWIFT_OPTIMIZATION_LEVEL = "-O";
				VALIDATE_PRODUCT = YES;
			};
			name = Release;
		};
		D1E9D3422B08429900BA45C8 /* Debug */ = {
			isa = XCBuildConfiguration;
			buildSettings = {
				ASSETCATALOG_COMPILER_APPICON_NAME = AppIcon;
				ASSETCATALOG_COMPILER_GLOBAL_ACCENT_COLOR_NAME = AccentColor;
				CODE_SIGN_STYLE = Automatic;
				CURRENT_PROJECT_VERSION = 1;
				DEVELOPMENT_ASSET_PATHS = "\"CKJY Productions/Preview Content\"";
				ENABLE_PREVIEWS = YES;
				GENERATE_INFOPLIST_FILE = YES;
				INFOPLIST_KEY_UIApplicationSceneManifest_Generation = YES;
				INFOPLIST_KEY_UIApplicationSupportsIndirectInputEvents = YES;
				INFOPLIST_KEY_UILaunchScreen_Generation = YES;
				INFOPLIST_KEY_UISupportedInterfaceOrientations_iPad = "UIInterfaceOrientationPortrait UIInterfaceOrientationPortraitUpsideDown UIInterfaceOrientationLandscapeLeft UIInterfaceOrientationLandscapeRight";
				INFOPLIST_KEY_UISupportedInterfaceOrientations_iPhone = "UIInterfaceOrientationPortrait UIInterfaceOrientationLandscapeLeft UIInterfaceOrientationLandscapeRight";
				LD_RUNPATH_SEARCH_PATHS = (
					"$(inherited)",
					"@executable_path/Frameworks",
				);
				MARKETING_VERSION = 1.0;
				PRODUCT_BUNDLE_IDENTIFIER = "com.yunyek.CKJY-Productions";
				PRODUCT_NAME = "$(TARGET_NAME)";
				SWIFT_EMIT_LOC_STRINGS = YES;
				SWIFT_VERSION = 5.0;
				TARGETED_DEVICE_FAMILY = "1,2";
			};
			name = Debug;
		};
		D1E9D3432B08429900BA45C8 /* Release */ = {
			isa = XCBuildConfiguration;
			buildSettings = {
				ASSETCATALOG_COMPILER_APPICON_NAME = AppIcon;
				ASSETCATALOG_COMPILER_GLOBAL_ACCENT_COLOR_NAME = AccentColor;
				CODE_SIGN_STYLE = Automatic;
				CURRENT_PROJECT_VERSION = 1;
				DEVELOPMENT_ASSET_PATHS = "\"CKJY Productions/Preview Content\"";
				ENABLE_PREVIEWS = YES;
				GENERATE_INFOPLIST_FILE = YES;
				INFOPLIST_KEY_UIApplicationSceneManifest_Generation = YES;
				INFOPLIST_KEY_UIApplicationSupportsIndirectInputEvents = YES;
				INFOPLIST_KEY_UILaunchScreen_Generation = YES;
				INFOPLIST_KEY_UISupportedInterfaceOrientations_iPad = "UIInterfaceOrientationPortrait UIInterfaceOrientationPortraitUpsideDown UIInterfaceOrientationLandscapeLeft UIInterfaceOrientationLandscapeRight";
				INFOPLIST_KEY_UISupportedInterfaceOrientations_iPhone = "UIInterfaceOrientationPortrait UIInterfaceOrientationLandscapeLeft UIInterfaceOrientationLandscapeRight";
				LD_RUNPATH_SEARCH_PATHS = (
					"$(inherited)",
					"@executable_path/Frameworks",
				);
				MARKETING_VERSION = 1.0;
				PRODUCT_BUNDLE_IDENTIFIER = "com.yunyek.CKJY-Productions";
				PRODUCT_NAME = "$(TARGET_NAME)";
				SWIFT_EMIT_LOC_STRINGS = YES;
				SWIFT_VERSION = 5.0;
				TARGETED_DEVICE_FAMILY = "1,2";
			};
			name = Release;
		};
		D1E9D3452B08429900BA45C8 /* Debug */ = {
			isa = XCBuildConfiguration;
			buildSettings = {
				ALWAYS_EMBED_SWIFT_STANDARD_LIBRARIES = YES;
				BUNDLE_LOADER = "$(TEST_HOST)";
				CODE_SIGN_STYLE = Automatic;
				CURRENT_PROJECT_VERSION = 1;
				GENERATE_INFOPLIST_FILE = YES;
				IPHONEOS_DEPLOYMENT_TARGET = 16.2;
				MARKETING_VERSION = 1.0;
				PRODUCT_BUNDLE_IDENTIFIER = "com.yunyek.CKJY-ProductionsTests";
				PRODUCT_NAME = "$(TARGET_NAME)";
				SWIFT_EMIT_LOC_STRINGS = NO;
				SWIFT_VERSION = 5.0;
				TARGETED_DEVICE_FAMILY = "1,2";
				TEST_HOST = "$(BUILT_PRODUCTS_DIR)/CKJY Productions.app/$(BUNDLE_EXECUTABLE_FOLDER_PATH)/CKJY Productions";
			};
			name = Debug;
		};
		D1E9D3462B08429900BA45C8 /* Release */ = {
			isa = XCBuildConfiguration;
			buildSettings = {
				ALWAYS_EMBED_SWIFT_STANDARD_LIBRARIES = YES;
				BUNDLE_LOADER = "$(TEST_HOST)";
				CODE_SIGN_STYLE = Automatic;
				CURRENT_PROJECT_VERSION = 1;
				GENERATE_INFOPLIST_FILE = YES;
				IPHONEOS_DEPLOYMENT_TARGET = 16.2;
				MARKETING_VERSION = 1.0;
				PRODUCT_BUNDLE_IDENTIFIER = "com.yunyek.CKJY-ProductionsTests";
				PRODUCT_NAME = "$(TARGET_NAME)";
				SWIFT_EMIT_LOC_STRINGS = NO;
				SWIFT_VERSION = 5.0;
				TARGETED_DEVICE_FAMILY = "1,2";
				TEST_HOST = "$(BUILT_PRODUCTS_DIR)/CKJY Productions.app/$(BUNDLE_EXECUTABLE_FOLDER_PATH)/CKJY Productions";
			};
			name = Release;
		};
		D1E9D3482B08429900BA45C8 /* Debug */ = {
			isa = XCBuildConfiguration;
			buildSettings = {
				ALWAYS_EMBED_SWIFT_STANDARD_LIBRARIES = YES;
				CODE_SIGN_STYLE = Automatic;
				CURRENT_PROJECT_VERSION = 1;
				GENERATE_INFOPLIST_FILE = YES;
				MARKETING_VERSION = 1.0;
				PRODUCT_BUNDLE_IDENTIFIER = "com.yunyek.CKJY-ProductionsUITests";
				PRODUCT_NAME = "$(TARGET_NAME)";
				SWIFT_EMIT_LOC_STRINGS = NO;
				SWIFT_VERSION = 5.0;
				TARGETED_DEVICE_FAMILY = "1,2";
				TEST_TARGET_NAME = "CKJY Productions";
			};
			name = Debug;
		};
		D1E9D3492B08429900BA45C8 /* Release */ = {
			isa = XCBuildConfiguration;
			buildSettings = {
				ALWAYS_EMBED_SWIFT_STANDARD_LIBRARIES = YES;
				CODE_SIGN_STYLE = Automatic;
				CURRENT_PROJECT_VERSION = 1;
				GENERATE_INFOPLIST_FILE = YES;
				MARKETING_VERSION = 1.0;
				PRODUCT_BUNDLE_IDENTIFIER = "com.yunyek.CKJY-ProductionsUITests";
				PRODUCT_NAME = "$(TARGET_NAME)";
				SWIFT_EMIT_LOC_STRINGS = NO;
				SWIFT_VERSION = 5.0;
				TARGETED_DEVICE_FAMILY = "1,2";
				TEST_TARGET_NAME = "CKJY Productions";
			};
			name = Release;
		};
/* End XCBuildConfiguration section */

/* Begin XCConfigurationList section */
		D1E9D3182B08429800BA45C8 /* Build configuration list for PBXProject "CKJY Productions" */ = {
			isa = XCConfigurationList;
			buildConfigurations = (
				D1E9D33F2B08429900BA45C8 /* Debug */,
				D1E9D3402B08429900BA45C8 /* Release */,
			);
			defaultConfigurationIsVisible = 0;
			defaultConfigurationName = Release;
		};
		D1E9D3412B08429900BA45C8 /* Build configuration list for PBXNativeTarget "CKJY Productions" */ = {
			isa = XCConfigurationList;
			buildConfigurations = (
				D1E9D3422B08429900BA45C8 /* Debug */,
				D1E9D3432B08429900BA45C8 /* Release */,
			);
			defaultConfigurationIsVisible = 0;
			defaultConfigurationName = Release;
		};
		D1E9D3442B08429900BA45C8 /* Build configuration list for PBXNativeTarget "CKJY ProductionsTests" */ = {
			isa = XCConfigurationList;
			buildConfigurations = (
				D1E9D3452B08429900BA45C8 /* Debug */,
				D1E9D3462B08429900BA45C8 /* Release */,
			);
			defaultConfigurationIsVisible = 0;
			defaultConfigurationName = Release;
		};
		D1E9D3472B08429900BA45C8 /* Build configuration list for PBXNativeTarget "CKJY ProductionsUITests" */ = {
			isa = XCConfigurationList;
			buildConfigurations = (
				D1E9D3482B08429900BA45C8 /* Debug */,
				D1E9D3492B08429900BA45C8 /* Release */,
			);
			defaultConfigurationIsVisible = 0;
			defaultConfigurationName = Release;
		};
/* End XCConfigurationList section */
	};
	rootObject = D1E9D3152B08429800BA45C8 /* Project object */;
}
